
Microsoft Visual Studio Solution File, Format Version 12.00
# Visual Studio Version 17
VisualStudioVersion = 17.14.36623.8
MinimumVisualStudioVersion = 10.0.40219.1
Project("{FAE04EC0-301F-11D3-BF4B-00C04F79EFBC}") = "DoboEngineer", "DoboEngineer\DoboEngineer.csproj", "{D836500E-6BCE-4B23-89EB-69C4D237C9A2}"
EndProject
Project("{FAE04EC0-301F-11D3-BF4B-00C04F79EFBC}") = "Dobo.Appl", "Dobo.Appl\Dobo.Appl.csproj", "{05067C20-1560-53EC-6647-B1C260EF1A9C}"
EndProject
Project("{FAE04EC0-301F-11D3-BF4B-00C04F79EFBC}") = "UI.Avalonia", "UI.Avalonia\UI.Avalonia.csproj", "{39897103-59F4-441A-87D1-8B7C6A06CAC6}"
EndProject
Global
	GlobalSection(SolutionConfigurationPlatforms) = preSolution
		Debug|Any CPU = Debug|Any CPU
		Release|Any CPU = Release|Any CPU
	EndGlobalSection
	GlobalSection(ProjectConfigurationPlatforms) = postSolution
		{D836500E-6BCE-4B23-89EB-69C4D237C9A2}.Debug|Any CPU.ActiveCfg = Debug|Any CPU
		{D836500E-6BCE-4B23-89EB-69C4D237C9A2}.Debug|Any CPU.Build.0 = Debug|Any CPU
		{D836500E-6BCE-4B23-89EB-69C4D237C9A2}.Release|Any CPU.ActiveCfg = Release|Any CPU
		{D836500E-6BCE-4B23-89EB-69C4D237C9A2}.Release|Any CPU.Build.0 = Release|Any CPU
		{05067C20-1560-53EC-6647-B1C260EF1A9C}.Debug|Any CPU.ActiveCfg = Debug|Any CPU
		{05067C20-1560-53EC-6647-B1C260EF1A9C}.Debug|Any CPU.Build.0 = Debug|Any CPU
		{05067C20-1560-53EC-6647-B1C260EF1A9C}.Release|Any CPU.ActiveCfg = Release|Any CPU
		{05067C20-1560-53EC-6647-B1C260EF1A9C}.Release|Any CPU.Build.0 = Release|Any CPU
		{39897103-59F4-441A-87D1-8B7C6A06CAC6}.Debug|Any CPU.ActiveCfg = Debug|Any CPU
		{39897103-59F4-441A-87D1-8B7C6A06CAC6}.Debug|Any CPU.Build.0 = Debug|Any CPU
		{39897103-59F4-441A-87D1-8B7C6A06CAC6}.Release|Any CPU.ActiveCfg = Release|Any CPU
		{39897103-59F4-441A-87D1-8B7C6A06CAC6}.Release|Any CPU.Build.0 = Release|Any CPU
	EndGlobalSection
	GlobalSection(SolutionProperties) = preSolution
		HideSolutionNode = FALSE
	EndGlobalSection
	GlobalSection(ExtensibilityGlobals) = postSolution
		SolutionGuid = {7A3CCC1E-8557-4054-8E92-CC9E6F13FFD1}
	EndGlobalSection
EndGlobal
